
Microsoft Visual Studio Solution File, Format Version 12.00
# Visual Studio 15
VisualStudioVersion = 15.0.27130.2010
MinimumVisualStudioVersion = 10.0.40219.1
Project("{FAE04EC0-301F-11D3-BF4B-00C04F79EFBC}") = "bankApp2", "bankApp2\bankApp2.csproj", "{57B988AF-85F1-4CF3-BD96-9B50C14C2D2E}"
EndProject
Global
	GlobalSection(SolutionConfigurationPlatforms) = preSolution
		Debug|Any CPU = Debug|Any CPU
		Release|Any CPU = Release|Any CPU
	EndGlobalSection
	GlobalSection(ProjectConfigurationPlatforms) = postSolution
		{57B988AF-85F1-4CF3-BD96-9B50C14C2D2E}.Debug|Any CPU.ActiveCfg = Debug|Any CPU
		{57B988AF-85F1-4CF3-BD96-9B50C14C2D2E}.Debug|Any CPU.Build.0 = Debug|Any CPU
		{57B988AF-85F1-4CF3-BD96-9B50C14C2D2E}.Release|Any CPU.ActiveCfg = Release|Any CPU
		{57B988AF-85F1-4CF3-BD96-9B50C14C2D2E}.Release|Any CPU.Build.0 = Release|Any CPU
	EndGlobalSection
	GlobalSection(SolutionProperties) = preSolution
		HideSolutionNode = FALSE
	EndGlobalSection
	GlobalSection(ExtensibilityGlobals) = postSolution
		SolutionGuid = {05840BA1-26FB-445A-B715-607833D60F03}
	EndGlobalSection
EndGlobal
